GEM
  remote: https://rubygems.org/
  specs:
    base64 (0.3.0)
    bigdecimal (4.1.3)
    json (2.21.2)
    logger (1.7.0)
    mustermann (3.1.1)
    nio4r (2.7.5)
    pg (1.7.0)
    pg (1.7.0-aarch64-linux)
    pg (1.7.0-aarch64-linux-musl)
    pg (1.7.0-arm64-darwin)
    pg (1.7.0-x86_64-darwin)
    pg (1.7.0-x86_64-linux)
    pg (1.7.0-x86_64-linux-musl)
    puma (7.2.1)
      nio4r (~> 2.0)
    rack (3.2.7)
    rack-protection (4.2.1)
      base64 (>= 0.1.0)
      logger (>= 1.6.0)
      rack (>= 3.0.0, < 4)
    rack-session (2.1.2)
      base64 (>= 0.1.0)
      rack (>= 3.0.0)
    sequel (5.109.0)
      bigdecimal
    sinatra (4.2.1)
      logger (>= 1.6.0)
      mustermann (~> 3.0)
      rack (>= 3.0.0, < 4)
      rack-protection (= 4.2.1)
      rack-session (>= 2.0.0, < 3)
      tilt (~> 2.0)
    tilt (2.9.0)

PLATFORMS
  aarch64-linux
  aarch64-linux-musl
  arm64-darwin
  ruby
  x86_64-darwin
  x86_64-linux
  x86_64-linux-musl

DEPENDENCIES
  json (~> 2.15)
  pg (~> 1.6)
  puma (~> 7.0)
  sequel (~> 5.97)
  sinatra (~> 4.2)

CHECKSUMS
  base64 (0.3.0) sha256=27337aeabad6ffae05c265c450490628ef3ebd4b67be58257393227588f5a97b
  bigdecimal (4.1.3) sha256=61ebe1e5e559bdc3cc6f2c0ee7f427321fc838f59611c294356eb04d6e21cf66
  json (2.21.2) sha256=1f1d3b7cf2b3ba1a69beca0bb6db13d5438b80bff3cd54cdaaa620b9b07c1c6a
  logger (1.7.0) sha256=196edec7cc44b66cfb40f9755ce11b392f21f7967696af15d274dde7edff0203
  mustermann (3.1.1) sha256=4c6170c7234d5499c345562ba7c7dfe73e1754286dcc1abb053064d66a127198
  nio4r (2.7.5) sha256=6c90168e48fb5f8e768419c93abb94ba2b892a1d0602cb06eef16d8b7df1dca1
  pg (1.7.0) sha256=f7b536501284e883d4c9ef86dbde0313063e4aaafc23575b0017b0d572a26afb
  pg (1.7.0-aarch64-linux) sha256=101dd3a261000eb64b03ff41a5890674b735b626dbdce88652969b59fb0b1157
  pg (1.7.0-aarch64-linux-musl) sha256=5ca4d4619a1a39fb22de47350130956ece69cf0512858ee68dca926e46f65e4a
  pg (1.7.0-arm64-darwin) sha256=9fa895bbe28bdd579b83ccc80464c01d1015ea7549a7919134c9f8f10c060e4b
  pg (1.7.0-x86_64-darwin) sha256=7b726ba6eab8b143fb803d3b4173b0a3e4b0b032025032212f90d436785022db
  pg (1.7.0-x86_64-linux) sha256=d0a24f448b3c874c8b2658d4efbbbefce7315c228ede84f6f6f42089d1d704b6
  pg (1.7.0-x86_64-linux-musl) sha256=0c9bc93b6e0aca2a5b07daef00b7ec4f9882bfe21ef3872b4371f8ecffe1f1e1
  puma (7.2.1) sha256=d7bf0e9cabd532e0d401e142cd94e3ac531e993610e2d80e6fbf9c26961414b0
  rack (3.2.7) sha256=93e13e1c24f93556671d85d2d79fa228c3485815c50d7e2f265b5330c6528fb7
  rack-protection (4.2.1) sha256=cf6e2842df8c55f5e4d1a4be015e603e19e9bc3a7178bae58949ccbb58558bac
  rack-session (2.1.2) sha256=595434f8c0c3473ae7d7ac56ecda6cc6dfd9d37c0b2b5255330aa1576967ffe8
  sequel (5.109.0) sha256=e0d1d474442d620c8497d7f4851c0cc3a277920519051b8014b2877aa55efffe
  sinatra (4.2.1) sha256=b7aeb9b11d046b552972ade834f1f9be98b185fa8444480688e3627625377080
  tilt (2.9.0) sha256=da5735d0280bba96e9a91041bb14aee435ccad5c17b0fa519249ae543d9aa3a5

RUBY VERSION
  ruby 4.0.7

BUNDLED WITH
  4.0.20
